{
    "_readme": [
        "This file locks the dependencies of your project to a known state",
        "Read more about it at http://getcomposer.org/doc/01-basic-usage.md#composer-lock-the-lock-file",
        "This file is @generated automatically"
    ],
    "hash": "66d948d681cb6bd88c612107fc0679b9",
    "packages": [
        {
            "name": "jakecleary/ultrapress-library",
            "version": "v0.3.1",
            "source": {
                "type": "git",
                "url": "https://github.com/jakecleary/ultrapress-library.git",
                "reference": "6a08513d105efe72359d65c1ca59aa023c90544f"
            },
            "dist": {
                "type": "zip",
                "url": "https://api.github.com/repos/jakecleary/ultrapress-library/zipball/6a08513d105efe72359d65c1ca59aa023c90544f",
                "reference": "6a08513d105efe72359d65c1ca59aa023c90544f",
                "shasum": ""
            },
            "type": "library",
            "autoload": {
                "psr-4": {
                    "Ultra\\": "src/Ultra"
                }
            },
            "notification-url": "https://packagist.org/downloads/",
            "license": [
                "MIT"
            ],
            "authors": [
                {
                    "name": "Jake Cleary",
                    "email": "shout@jakecleary.net",
                    "homepage": "http://jakecleary.net"
                }
            ],
            "description": "An advanced library for working with Wordpress; the core of the Ultrapress framework",
            "keywords": [
                "framework",
                "ultrapress",
                "wordpress"
            ],
            "time": "2015-01-29 11:28:24"
        }
    ],
    "packages-dev": [],
    "aliases": [],
    "minimum-stability": "stable",
    "stability-flags": [],
    "prefer-stable": false,
    "prefer-lowest": false,
    "platform": [],
    "platform-dev": []
}
